# This file is autogenerated, do not edit; changes may be undone by the next 'dep ensure'.


[[projects]]
  digest = "1:ffe9824d294da03b391f44e1ae8281281b4afc1bdaa9588c9097785e3af10cec"
  name = "github.com/davecgh/go-spew"
  packages = ["spew"]
  pruneopts = "UT"
  revision = "8991bc29aa16c548c550c7ff78260e27b9ab7c73"
  version = "v1.1.1"

[[projects]]
  digest = "1:302bd3d3d720780d2ab1596b48891e01c7be7e93b2e247634fc3bd00b6540537"
  name = "github.com/eclipse/che-go-jsonrpc"
  packages = [
    ".",
    "event",
    "jsonrpcws",
  ]
  pruneopts = "UT"
  revision = "87cdb8da2597bc22a91f8dcff72999ac8fe5cd8c"
  version = "0.2.0"

[[projects]]
  digest = "1:4caab6f14c6b9654ccb7d398791d1f71a2d4e693ea508d29659a173e1b2e644a"
  name = "github.com/gogo/protobuf"
  packages = ["proto"]
  pruneopts = "UT"
  revision = "5628607bb4c51c3157aacc3a50f0ab707582b805"
  version = "v1.3.1"

[[projects]]
  digest = "1:cee8e8ac80df6373e7daa11baf1f98c1b6f7242c49ccae7e1ec34a971dc408d9"
  name = "github.com/gorilla/websocket"
  packages = ["."]
  pruneopts = "UT"
  revision = "3ff3320c2a1756a3691521efc290b4701575147c"
  version = "v1.3.0"

[[projects]]
  digest = "1:0028cb19b2e4c3112225cd871870f2d9cf49b9b4276531f03438a88e94be86fe"
  name = "github.com/pmezard/go-difflib"
  packages = ["difflib"]
  pruneopts = "UT"
  revision = "792786c7400a136282c1664665ae0a8db921c6c2"
  version = "v1.0.0"

[[projects]]
  digest = "1:524b71991fc7d9246cc7dc2d9e0886ccb97648091c63e30eef619e6862c955dd"
  name = "github.com/spf13/pflag"
  packages = ["."]
  pruneopts = "UT"
  revision = "2e9d26c8c37aae03e3f9d4e90b7116f5accb7cab"
  version = "v1.0.5"

[[projects]]
  digest = "1:ac83cf90d08b63ad5f7e020ef480d319ae890c208f8524622a2f3136e2686b02"
  name = "github.com/stretchr/objx"
  packages = ["."]
  pruneopts = "UT"
  revision = "477a77ecc69700c7cdeb1fa9e129548e1c1c393c"
  version = "v0.1.1"

[[projects]]
  digest = "1:15a4a7e5afac3cea801fa24831fce3bf3b5bd3620cbf8355a07b7dbf06877883"
  name = "github.com/stretchr/testify"
  packages = [
    "assert",
    "mock",
  ]
  pruneopts = "UT"
  revision = "f35b8ab0b5a2cef36673838d662e249dd9c94686"
  version = "v1.2.2"

[[projects]]
  digest = "1:2d1fbdc6777e5408cabeb02bf336305e724b925ff4546ded0fa8715a7267922a"
  name = "gopkg.in/inf.v0"
  packages = ["."]
  pruneopts = "UT"
  revision = "d2d2541c53f18d2a059457998ce2876cc8e67cbf"
  version = "v0.9.1"

[[projects]]
  digest = "1:342378ac4dcb378a5448dd723f0784ae519383532f5e70ade24132c4c8693202"
  name = "gopkg.in/yaml.v2"
  packages = ["."]
  pruneopts = "UT"
  revision = "5420a8b6744d3b0345ab293f6fcba19c978f1183"
  version = "v2.2.1"

[[projects]]
  digest = "1:822229eb891d725931e1267869232e2f740b047b098fdfa30ac396582dfb78ed"
  name = "k8s.io/apimachinery"
  packages = ["pkg/api/resource"]
  pruneopts = "UT"
  revision = "e386b2658ed20923da8cc9250e552f082899a1ee"

[solve-meta]
  analyzer-name = "dep"
  analyzer-version = 1
  input-imports = [
    "github.com/eclipse/che-go-jsonrpc",
    "github.com/eclipse/che-go-jsonrpc/event",
    "github.com/eclipse/che-go-jsonrpc/jsonrpcws",
    "github.com/stretchr/testify/assert",
    "github.com/stretchr/testify/mock",
    "gopkg.in/yaml.v2",
    "k8s.io/apimachinery/pkg/api/resource",
  ]
  solver-name = "gps-cdcl"
  solver-version = 1
