# This file is autogenerated, do not edit; changes may be undone by the next 'dep ensure'.


[[projects]]
  name = "github.com/eclipse/che"
  packages = [
    "agents/go-agents/core/event",
    "agents/go-agents/core/jsonrpc",
    "agents/go-agents/core/jsonrpc/jsonrpcws",
    "agents/go-agents/core/rest",
    "agents/go-agents/core/rest/restutil"
  ]
  revision = "ecf99117e9b53fb0013fe739cdfff5c30f5e17e2"
  version = "6.9.0"

[[projects]]
  name = "github.com/eclipse/che-lib"
  packages = ["websocket"]
  revision = "d93d5cf925d743be8884a44cc79968ca0155e7dd"
  version = "6.9.0"

[[projects]]
  name = "github.com/julienschmidt/httprouter"
  packages = ["."]
  revision = "8c199fb6259ffc1af525cc3ad52ee60ba8359669"
  version = "v1.1"

[[projects]]
  name = "gopkg.in/yaml.v2"
  packages = ["."]
  revision = "5420a8b6744d3b0345ab293f6fcba19c978f1183"
  version = "v2.2.1"

[solve-meta]
  analyzer-name = "dep"
  analyzer-version = 1
  inputs-digest = "c6bad9fe1f5996a985a72fce5b4469b79560848319059c777ad85a802a84c858"
  solver-name = "gps-cdcl"
  solver-version = 1
